
Microsoft Visual Studio Solution File, Format Version 12.00
# Visual Studio 15
VisualStudioVersion = 15.0.28010.2046
MinimumVisualStudioVersion = 10.0.40219.1
Project("{FAE04EC0-301F-11D3-BF4B-00C04F79EFBC}") = "SudokuWithGUI", "SudokuWithGUI\SudokuWithGUI.csproj", "{38BCF934-B29B-4704-BEB6-9D553B744ED9}"
EndProject
Project("{FAE04EC0-301F-11D3-BF4B-00C04F79EFBC}") = "SudokuWithGUITests", "SudokuWithGUITests\SudokuWithGUITests.csproj", "{16B1612F-BA52-4C5A-94B5-3EC0C413A7D4}"
EndProject
Global
	GlobalSection(SolutionConfigurationPlatforms) = preSolution
		Debug|Any CPU = Debug|Any CPU
		Release|Any CPU = Release|Any CPU
	EndGlobalSection
	GlobalSection(ProjectConfigurationPlatforms) = postSolution
		{38BCF934-B29B-4704-BEB6-9D553B744ED9}.Debug|Any CPU.ActiveCfg = Debug|Any CPU
		{38BCF934-B29B-4704-BEB6-9D553B744ED9}.Debug|Any CPU.Build.0 = Debug|Any CPU
		{38BCF934-B29B-4704-BEB6-9D553B744ED9}.Release|Any CPU.ActiveCfg = Release|Any CPU
		{38BCF934-B29B-4704-BEB6-9D553B744ED9}.Release|Any CPU.Build.0 = Release|Any CPU
		{16B1612F-BA52-4C5A-94B5-3EC0C413A7D4}.Debug|Any CPU.ActiveCfg = Debug|Any CPU
		{16B1612F-BA52-4C5A-94B5-3EC0C413A7D4}.Debug|Any CPU.Build.0 = Debug|Any CPU
		{16B1612F-BA52-4C5A-94B5-3EC0C413A7D4}.Release|Any CPU.ActiveCfg = Release|Any CPU
		{16B1612F-BA52-4C5A-94B5-3EC0C413A7D4}.Release|Any CPU.Build.0 = Release|Any CPU
	EndGlobalSection
	GlobalSection(SolutionProperties) = preSolution
		HideSolutionNode = FALSE
	EndGlobalSection
	GlobalSection(ExtensibilityGlobals) = postSolution
		SolutionGuid = {F7F9CEDF-2F05-4605-9C00-6DA1417C8F48}
	EndGlobalSection
EndGlobal
